
Microsoft Visual Studio Solution File, Format Version 12.00
# Visual Studio Version 17
VisualStudioVersion = 17.0.32014.148
MinimumVisualStudioVersion = 10.0.40219.1
Project("{FAE04EC0-301F-11D3-BF4B-00C04F79EFBC}") = "TrafficHeatmap", "TrafficHeatmap.csproj", "{B40F65E4-1278-47EE-A03D-01948BA2E6F0}"
EndProject
Global
	GlobalSection(SolutionConfigurationPlatforms) = preSolution
		Debug|Any CPU = Debug|Any CPU
		Release|Any CPU = Release|Any CPU
	EndGlobalSection
	GlobalSection(ProjectConfigurationPlatforms) = postSolution
		{B40F65E4-1278-47EE-A03D-01948BA2E6F0}.Debug|Any CPU.ActiveCfg = Debug|Any CPU
		{B40F65E4-1278-47EE-A03D-01948BA2E6F0}.Debug|Any CPU.Build.0 = Debug|Any CPU
		{B40F65E4-1278-47EE-A03D-01948BA2E6F0}.Release|Any CPU.ActiveCfg = Release|Any CPU
		{B40F65E4-1278-47EE-A03D-01948BA2E6F0}.Release|Any CPU.Build.0 = Release|Any CPU
	EndGlobalSection
	GlobalSection(SolutionProperties) = preSolution
		HideSolutionNode = FALSE
	EndGlobalSection
	GlobalSection(ExtensibilityGlobals) = postSolution
		SolutionGuid = {EC771F4D-5F64-4403-8CA9-1684E73840C6}
	EndGlobalSection
EndGlobal
